
Microsoft Visual Studio Solution File, Format Version 12.00
# Visual Studio Version 17
VisualStudioVersion = 17.11.35219.272
MinimumVisualStudioVersion = 10.0.40219.1
Project("{9A19103F-16F7-4668-BE54-9A1E7A4F7556}") = "Taller ASP", "Taller ASP.csproj", "{FC7E4683-911A-41F4-A78E-8A5064D8FD96}"
EndProject
Project("{2150E333-8FDC-42A3-9474-1A3956D46DE8}") = "Elementos de la solución", "Elementos de la solución", "{CF15BF76-D180-4358-916E-0E50973AD89E}"
EndProject
Global
	GlobalSection(SolutionConfigurationPlatforms) = preSolution
		Debug|Any CPU = Debug|Any CPU
		Release|Any CPU = Release|Any CPU
	EndGlobalSection
	GlobalSection(ProjectConfigurationPlatforms) = postSolution
		{FC7E4683-911A-41F4-A78E-8A5064D8FD96}.Debug|Any CPU.ActiveCfg = Debug|Any CPU
		{FC7E4683-911A-41F4-A78E-8A5064D8FD96}.Debug|Any CPU.Build.0 = Debug|Any CPU
		{FC7E4683-911A-41F4-A78E-8A5064D8FD96}.Release|Any CPU.ActiveCfg = Release|Any CPU
		{FC7E4683-911A-41F4-A78E-8A5064D8FD96}.Release|Any CPU.Build.0 = Release|Any CPU
	EndGlobalSection
	GlobalSection(SolutionProperties) = preSolution
		HideSolutionNode = FALSE
	EndGlobalSection
	GlobalSection(ExtensibilityGlobals) = postSolution
		SolutionGuid = {2324DEFD-B58C-4CA9-B156-E4AE6DAF6DF1}
	EndGlobalSection
EndGlobal
